<Solution>
  <Folder Name="/src/">
    <Project Path="src/LoomLCI.Core/LoomLCI.Core.csproj" />
    <Project Path="src/LoomLCI.Host/LoomLCI.Host.csproj" />
    <Project Path="src/LoomLCI.Launcher/LoomLCI.Launcher.csproj" />
    <Project Path="src/LoomLCI.Mcp/LoomLCI.Mcp.csproj" />
    <Project Path="src/LoomLCI.Windows/LoomLCI.Windows.csproj" />
  </Folder>
  <Folder Name="/tests/">
    <Project Path="tests/LoomLCI.Core.Tests/LoomLCI.Core.Tests.csproj" />
    <Project Path="tests/LoomLCI.IntegrationTests/LoomLCI.IntegrationTests.csproj" />
    <Project Path="tests/LoomLCI.Launcher.Tests/LoomLCI.Launcher.Tests.csproj" />
    <Project Path="tests/LoomLCI.Mcp.Tests/LoomLCI.Mcp.Tests.csproj" />
    <Project Path="tests/LoomLCI.Windows.Tests/LoomLCI.Windows.Tests.csproj" />
  </Folder>
</Solution>
